
Microsoft Visual Studio Solution File, Format Version 12.00
# Visual Studio Version 16
VisualStudioVersion = 16.0.30204.135
MinimumVisualStudioVersion = 10.0.40219.1
Project("{FAE04EC0-301F-11D3-BF4B-00C04F79EFBC}") = "DoAnWeb", "DoAnWeb\DoAnWeb.csproj", "{AC1D6A8E-4F43-41B1-AD2E-E1C0702224D1}"
EndProject
Global
	GlobalSection(SolutionConfigurationPlatforms) = preSolution
		Debug|Any CPU = Debug|Any CPU
		Release|Any CPU = Release|Any CPU
	EndGlobalSection
	GlobalSection(ProjectConfigurationPlatforms) = postSolution
		{AC1D6A8E-4F43-41B1-AD2E-E1C0702224D1}.Debug|Any CPU.ActiveCfg = Debug|Any CPU
		{AC1D6A8E-4F43-41B1-AD2E-E1C0702224D1}.Debug|Any CPU.Build.0 = Debug|Any CPU
		{AC1D6A8E-4F43-41B1-AD2E-E1C0702224D1}.Release|Any CPU.ActiveCfg = Release|Any CPU
		{AC1D6A8E-4F43-41B1-AD2E-E1C0702224D1}.Release|Any CPU.Build.0 = Release|Any CPU
	EndGlobalSection
	GlobalSection(SolutionProperties) = preSolution
		HideSolutionNode = FALSE
	EndGlobalSection
	GlobalSection(ExtensibilityGlobals) = postSolution
		SolutionGuid = {62990F6C-B91B-460F-8D92-3447CEAB1973}
	EndGlobalSection
EndGlobal
